// !$*UTF8*$!
{
	archiveVersion = 1;
	classes = {
	};
	objectVersion = 46;
	objects = {

/* Begin PBXBuildFile section */
		AD3FB9011E31F46B00071C40 /* AppDelegate.swift in Sources */ = {isa = PBXBuildFile; fileRef = AD3FB9001E31F46B00071C40 /* AppDelegate.swift */; };
		AD3FB9031E31F46B00071C40 /* ViewController.swift in Sources */ = {isa = PBXBuildFile; fileRef = AD3FB9021E31F46B00071C40 /* ViewController.swift */; };
		AD3FB9061E31F46B00071C40 /* Main.storyboard in Resources */ = {isa = PBXBuildFile; fileRef = AD3FB9041E31F46B00071C40 /* Main.storyboard */; };
		AD3FB9081E31F46B00071C40 /* Assets.xcassets in Resources */ = {isa = PBXBuildFile; fileRef = AD3FB9071E31F46B00071C40 /* Assets.xcassets */; };
		AD3FB90B1E31F46B00071C40 /* LaunchScreen.storyboard in Resources */ = {isa = PBXBuildFile; fileRef = AD3FB9091E31F46B00071C40 /* LaunchScreen.storyboard */; };
/* End PBXBuildFile section */

/* Begin PBXFileReference section */
		AD3FB8FD1E31F46B00071C40 /* OptionalTest.app */ = {isa = PBXFileReference; explicitFileType = wrapper.application; includeInIndex = 0; path = OptionalTest.app; sourceTree = BUILT_PRODUCTS_DIR; };
		AD3FB9001E31F46B00071C40 /* AppDelegate.swift */ = {isa = PBXFileReference; lastKnownFileType = sourcecode.swift; path = AppDelegate.swift; sourceTree = "<group>"; };
		AD3FB9021E31F46B00071C40 /* ViewController.swift */ = {isa = PBXFileReference; lastKnownFileType = sourcecode.swift; path = ViewController.swift; sourceTree = "<group>"; };
		AD3FB9051E31F46B00071C40 /* Base */ = {isa = PBXFileReference; lastKnownFileType = file.storyboard; name = Base; path = Base.lproj/Main.storyboard; sourceTree = "<group>"; };
		AD3FB9071E31F46B00071C40 /* Assets.xcassets */ = {isa = PBXFileReference; lastKnownFileType = folder.assetcatalog; path = Assets.xcassets; sourceTree = "<group>"; };
		AD3FB90A1E31F46B00071C40 /* Base */ = {isa = PBXFileReference; lastKnownFileType = file.storyboard; name = Base; path = Base.lproj/LaunchScreen.storyboard; sourceTree = "<group>"; };
		AD3FB90C1E31F46B00071C40 /* Info.plist */ = {isa = PBXFileReference; lastKnownFileType = text.plist.xml; path = Info.plist; sourceTree = "<group>"; };
/* End PBXFileReference section */

/* Begin PBXFrameworksBuildPhase section */
		AD3FB8FA1E31F46A00071C40 /* Frameworks */ = {
			isa = PBXFrameworksBuildPhase;
			buildActionMask = 2147483647;
			files = (
			);
			runOnlyForDeploymentPostprocessing = 0;
		};
/* End PBXFrameworksBuildPhase section */

/* Begin PBXGroup section */
		AD3FB8F41E31F46A00071C40 = {
			isa = PBXGroup;
			children = (
				AD3FB8FF1E31F46B00071C40 /* OptionalTest */,
				AD3FB8FE1E31F46B00071C40 /* Products */,
			);
			sourceTree = "<group>";
		};
		AD3FB8FE1E31F46B00071C40 /* Products */ = {
			isa = PBXGroup;
			children = (
				AD3FB8FD1E31F46B00071C40 /* OptionalTest.app */,
			);
			name = Products;
			sourceTree = "<group>";
		};
		AD3FB8FF1E31F46B00071C40 /* OptionalTest */ = {
			isa = PBXGroup;
			children = (
				AD3FB9001E31F46B00071C40 /* AppDelegate.swift */,
				AD3FB9021E31F46B00071C40 /* ViewController.swift */,
				AD3FB9041E31F46B00071C40 /* Main.storyboard */,
				AD3FB9071E31F46B00071C40 /* Assets.xcassets */,
				AD3FB9091E31F46B00071C40 /* LaunchScreen.storyboard */,
				AD3FB90C1E31F46B00071C40 /* Info.plist */,
			);
			path = OptionalTest;
			sourceTree = "<group>";
		};
/* End PBXGroup section */

/* Begin PBXNativeTarget section */
		AD3FB8FC1E31F46A00071C40 /* OptionalTest */ = {
			isa = PBXNativeTarget;
			buildConfigurationList = AD3FB90F1E31F46B00071C40 /* Build configuration list for PBXNativeTarget "OptionalTest" */;
			buildPhases = (
				AD3FB8F91E31F46A00071C40 /* Sources */,
				AD3FB8FA1E31F46A00071C40 /* Frameworks */,
				AD3FB8FB1E31F46A00071C40 /* Resources */,
			);
			buildRules = (
			);
			dependencies = (
			);
			name = OptionalTest;
			productName = OptionalTest;
			productReference = AD3FB8FD1E31F46B00071C40 /* OptionalTest.app */;
			productType = "com.apple.product-type.application";
		};
/* End PBXNativeTarget section */

/* Begin PBXProject section */
		AD3FB8F51E31F46A00071C40 /* Project object */ = {
			isa = PBXProject;
			attributes = {
				LastSwiftUpdateCheck = 0820;
				LastUpgradeCheck = 0820;
				ORGANIZATIONNAME = PSJ;
				TargetAttributes = {
					AD3FB8FC1E31F46A00071C40 = {
						CreatedOnToolsVersion = 8.2.1;
						ProvisioningStyle = Automatic;
					};
				};
			};
			buildConfigurationList = AD3FB8F81E31F46A00071C40 /* Build configuration list for PBXProject "OptionalTest" */;
			compatibilityVersion = "Xcode 3.2";
			developmentRegion = English;
			hasScannedForEncodings = 0;
			knownRegions = (
				en,
				Base,
			);
			mainGroup = AD3FB8F41E31F46A00071C40;
			productRefGroup = AD3FB8FE1E31F46B00071C40 /* Products */;
			projectDirPath = "";
			projectRoot = "";
			targets = (
				AD3FB8FC1E31F46A00071C40 /* OptionalTest */,
			);
		};
/* End PBXProject section */

/* Begin PBXResourcesBuildPhase section */
		AD3FB8FB1E31F46A00071C40 /* Resources */ = {
			isa = PBXResourcesBuildPhase;
			buildActionMask = 2147483647;
			files = (
				AD3FB90B1E31F46B00071C40 /* LaunchScreen.storyboard in Resources */,
				AD3FB9081E31F46B00071C40 /* Assets.xcassets in Resources */,
				AD3FB9061E31F46B00071C40 /* Main.storyboard in Resources */,
			);
			runOnlyForDeploymentPostprocessing = 0;
		};
/* End PBXResourcesBuildPhase section */

/* Begin PBXSourcesBuildPhase section */
		AD3FB8F91E31F46A00071C40 /* Sources */ = {
			isa = PBXSourcesBuildPhase;
			buildActionMask = 2147483647;
			files = (
				AD3FB9031E31F46B00071C40 /* ViewController.swift in Sources */,
				AD3FB9011E31F46B00071C40 /* AppDelegate.swift in Sources */,
			);
			runOnlyForDeploymentPostprocessing = 0;
		};
/* End PBXSourcesBuildPhase section */

/* Begin PBXVariantGroup section */
		AD3FB9041E31F46B00071C40 /* Main.storyboard */ = {
			isa = PBXVariantGroup;
			children = (
				AD3FB9051E31F46B00071C40 /* Base */,
			);
			name = Main.storyboard;
			sourceTree = "<group>";
		};
		AD3FB9091E31F46B00071C40 /* LaunchScreen.storyboard */ = {
			isa = PBXVariantGroup;
			children = (
				AD3FB90A1E31F46B00071C40 /* Base */,
			);
			name = LaunchScreen.storyboard;
			sourceTree = "<group>";
		};
/* End PBXVariantGroup section */

/* Begin XCBuildConfiguration section */
		AD3FB90D1E31F46B00071C40 /* Debug */ = {
			isa = XCBuildConfiguration;
			buildSettings = {
				ALWAYS_SEARCH_USER_PATHS = NO;
				CLANG_ANALYZER_NONNULL = YES;
				CLANG_CXX_LANGUAGE_STANDARD = "gnu++0x";
				CLANG_CXX_LIBRARY = "libc++";
				CLANG_ENABLE_MODULES = YES;
				CLANG_ENABLE_OBJC_ARC = YES;
				CLANG_WARN_BOOL_CONVERSION = YES;
				CLANG_WARN_CONSTANT_CONVERSION = YES;
				CLANG_WARN_DIRECT_OBJC_ISA_USAGE = YES_ERROR;
				CLANG_WARN_DOCUMENTATION_COMMENTS = YES;
				CLANG_WARN_EMPTY_BODY = YES;
				CLANG_WARN_ENUM_CONVERSION = YES;
				CLANG_WARN_INFINITE_RECURSION = YES;
				CLANG_WARN_INT_CONVERSION = YES;
				CLANG_WARN_OBJC_ROOT_CLASS = YES_ERROR;
				CLANG_WARN_SUSPICIOUS_MOVE = YES;
				CLANG_WARN_UNREACHABLE_CODE = YES;
				CLANG_WARN__DUPLICATE_METHOD_MATCH = YES;
				"CODE_SIGN_IDENTITY[sdk=iphoneos*]" = "iPhone Developer";
				COPY_PHASE_STRIP = NO;
				DEBUG_INFORMATION_FORMAT = dwarf;
				ENABLE_STRICT_OBJC_MSGSEND = YES;
				ENABLE_TESTABILITY = YES;
				GCC_C_LANGUAGE_STANDARD = gnu99;
				GCC_DYNAMIC_NO_PIC = NO;
				GCC_NO_COMMON_BLOCKS = YES;
				GCC_OPTIMIZATION_LEVEL = 0;
				GCC_PREPROCESSOR_DEFINITIONS = (
					"DEBUG=1",
					"$(inherited)",
				);
				GCC_WARN_64_TO_32_BIT_CONVERSION = YES;
				GCC_WARN_ABOUT_RETURN_TYPE = YES_ERROR;
				GCC_WARN_UNDECLARED_SELECTOR = YES;
				GCC_WARN_UNINITIALIZED_AUTOS = YES_AGGRESSIVE;
				GCC_WARN_UNUSED_FUNCTION = YES;
				GCC_WARN_UNUSED_VARIABLE = YES;
				IPHONEOS_DEPLOYMENT_TARGET = 10.2;
				MTL_ENABLE_DEBUG_INFO = YES;
				ONLY_ACTIVE_ARCH = YES;
				SDKROOT = iphoneos;
				SWIFT_ACTIVE_COMPILATION_CONDITIONS = DEBUG;
				SWIFT_OPTIMIZATION_LEVEL = "-Onone";
			};
			name = Debug;
		};
		AD3FB90E1E31F46B00071C40 /* Release */ = {
			isa = XCBuildConfiguration;
			buildSettings = {
				ALWAYS_SEARCH_USER_PATHS = NO;
				CLANG_ANALYZER_NONNULL = YES;
				CLANG_CXX_LANGUAGE_STANDARD = "gnu++0x";
				CLANG_CXX_LIBRARY = "libc++";
				CLANG_ENABLE_MODULES = YES;
				CLANG_ENABLE_OBJC_ARC = YES;
				CLANG_WARN_BOOL_CONVERSION = YES;
				CLANG_WARN_CONSTANT_CONVERSION = YES;
				CLANG_WARN_DIRECT_OBJC_ISA_USAGE = YES_ERROR;
				CLANG_WARN_DOCUMENTATION_COMMENTS = YES;
				CLANG_WARN_EMPTY_BODY = YES;
				CLANG_WARN_ENUM_CONVERSION = YES;
				CLANG_WARN_INFINITE_RECURSION = YES;
				CLANG_WARN_INT_CONVERSION = YES;
				CLANG_WARN_OBJC_ROOT_CLASS = YES_ERROR;
				CLANG_WARN_SUSPICIOUS_MOVE = YES;
				CLANG_WARN_UNREACHABLE_CODE = YES;
				CLANG_WARN__DUPLICATE_METHOD_MATCH = YES;
				"CODE_SIGN_IDENTITY[sdk=iphoneos*]" = "iPhone Developer";
				COPY_PHASE_STRIP = NO;
				DEBUG_INFORMATION_FORMAT = "dwarf-with-dsym";
				ENABLE_NS_ASSERTIONS = NO;
				ENABLE_STRICT_OBJC_MSGSEND = YES;
				GCC_C_LANGUAGE_STANDARD = gnu99;
				GCC_NO_COMMON_BLOCKS = YES;
				GCC_WARN_64_TO_32_BIT_CONVERSION = YES;
				GCC_WARN_ABOUT_RETURN_TYPE = YES_ERROR;
				GCC_WARN_UNDECLARED_SELECTOR = YES;
				GCC_WARN_UNINITIALIZED_AUTOS = YES_AGGRESSIVE;
				GCC_WARN_UNUSED_FUNCTION = YES;
				GCC_WARN_UNUSED_VARIABLE = YES;
				IPHONEOS_DEPLOYMENT_TARGET = 10.2;
				MTL_ENABLE_DEBUG_INFO = NO;
				SDKROOT = iphoneos;
				SWIFT_OPTIMIZATION_LEVEL = "-Owholemodule";
				VALIDATE_PRODUCT = YES;
			};
			name = Release;
		};
		AD3FB9101E31F46B00071C40 /* Debug */ = {
			isa = XCBuildConfiguration;
			buildSettings = {
				ASSETCATALOG_COMPILER_APPICON_NAME = AppIcon;
				INFOPLIST_FILE = OptionalTest/Info.plist;
				LD_RUNPATH_SEARCH_PATHS = "$(inherited) @executable_path/Frameworks";
				PRODUCT_BUNDLE_IDENTIFIER = kr.ac.korea.paper.OptionalTest;
				PRODUCT_NAME = "$(TARGET_NAME)";
				SWIFT_VERSION = 3.0;
			};
			name = Debug;
		};
		AD3FB9111E31F46B00071C40 /* Release */ = {
			isa = XCBuildConfiguration;
			buildSettings = {
				ASSETCATALOG_COMPILER_APPICON_NAME = AppIcon;
				INFOPLIST_FILE = OptionalTest/Info.plist;
				LD_RUNPATH_SEARCH_PATHS = "$(inherited) @executable_path/Frameworks";
				PRODUCT_BUNDLE_IDENTIFIER = kr.ac.korea.paper.OptionalTest;
				PRODUCT_NAME = "$(TARGET_NAME)";
				SWIFT_VERSION = 3.0;
			};
			name = Release;
		};
/* End XCBuildConfiguration section */

/* Begin XCConfigurationList section */
		AD3FB8F81E31F46A00071C40 /* Build configuration list for PBXProject "OptionalTest" */ = {
			isa = XCConfigurationList;
			buildConfigurations = (
				AD3FB90D1E31F46B00071C40 /* Debug */,
				AD3FB90E1E31F46B00071C40 /* Release */,
			);
			defaultConfigurationIsVisible = 0;
			defaultConfigurationName = Release;
		};
		AD3FB90F1E31F46B00071C40 /* Build configuration list for PBXNativeTarget "OptionalTest" */ = {
			isa = XCConfigurationList;
			buildConfigurations = (
				AD3FB9101E31F46B00071C40 /* Debug */,
				AD3FB9111E31F46B00071C40 /* Release */,
			);
			defaultConfigurationIsVisible = 0;
		};
/* End XCConfigurationList section */
	};
	rootObject = AD3FB8F51E31F46A00071C40 /* Project object */;
}
