// !$*UTF8*$!
{
	archiveVersion = 1;
	classes = {
	};
	objectVersion = 46;
	objects = {

/* Begin PBXBuildFile section */
		9D17B3CD1E51758000609312 /* PaperTable.swift in Sources */ = {isa = PBXBuildFile; fileRef = 9D17B3CC1E51758000609312 /* PaperTable.swift */; };
		9DC8591C1E4EF0D3004986C3 /* AppDelegate.swift in Sources */ = {isa = PBXBuildFile; fileRef = 9DC8591B1E4EF0D3004986C3 /* AppDelegate.swift */; };
		9DC8591E1E4EF0D3004986C3 /* ViewController.swift in Sources */ = {isa = PBXBuildFile; fileRef = 9DC8591D1E4EF0D3004986C3 /* ViewController.swift */; };
		9DC859211E4EF0D3004986C3 /* Main.storyboard in Resources */ = {isa = PBXBuildFile; fileRef = 9DC8591F1E4EF0D3004986C3 /* Main.storyboard */; };
		9DC859231E4EF0D4004986C3 /* Assets.xcassets in Resources */ = {isa = PBXBuildFile; fileRef = 9DC859221E4EF0D4004986C3 /* Assets.xcassets */; };
		9DC859261E4EF0D4004986C3 /* LaunchScreen.storyboard in Resources */ = {isa = PBXBuildFile; fileRef = 9DC859241E4EF0D4004986C3 /* LaunchScreen.storyboard */; };
		9DC8592E1E4EF134004986C3 /* MyCollectionViewCell.swift in Sources */ = {isa = PBXBuildFile; fileRef = 9DC8592D1E4EF134004986C3 /* MyCollectionViewCell.swift */; };
/* End PBXBuildFile section */

/* Begin PBXFileReference section */
		9D17B3CC1E51758000609312 /* PaperTable.swift */ = {isa = PBXFileReference; fileEncoding = 4; lastKnownFileType = sourcecode.swift; path = PaperTable.swift; sourceTree = "<group>"; };
		9DC859181E4EF0D3004986C3 /* CollectionView.app */ = {isa = PBXFileReference; explicitFileType = wrapper.application; includeInIndex = 0; path = CollectionView.app; sourceTree = BUILT_PRODUCTS_DIR; };
		9DC8591B1E4EF0D3004986C3 /* AppDelegate.swift */ = {isa = PBXFileReference; lastKnownFileType = sourcecode.swift; path = AppDelegate.swift; sourceTree = "<group>"; };
		9DC8591D1E4EF0D3004986C3 /* ViewController.swift */ = {isa = PBXFileReference; lastKnownFileType = sourcecode.swift; path = ViewController.swift; sourceTree = "<group>"; };
		9DC859201E4EF0D3004986C3 /* Base */ = {isa = PBXFileReference; lastKnownFileType = file.storyboard; name = Base; path = Base.lproj/Main.storyboard; sourceTree = "<group>"; };
		9DC859221E4EF0D4004986C3 /* Assets.xcassets */ = {isa = PBXFileReference; lastKnownFileType = folder.assetcatalog; path = Assets.xcassets; sourceTree = "<group>"; };
		9DC859251E4EF0D4004986C3 /* Base */ = {isa = PBXFileReference; lastKnownFileType = file.storyboard; name = Base; path = Base.lproj/LaunchScreen.storyboard; sourceTree = "<group>"; };
		9DC859271E4EF0D4004986C3 /* Info.plist */ = {isa = PBXFileReference; lastKnownFileType = text.plist.xml; path = Info.plist; sourceTree = "<group>"; };
		9DC8592D1E4EF134004986C3 /* MyCollectionViewCell.swift */ = {isa = PBXFileReference; fileEncoding = 4; lastKnownFileType = sourcecode.swift; path = MyCollectionViewCell.swift; sourceTree = "<group>"; };
/* End PBXFileReference section */

/* Begin PBXFrameworksBuildPhase section */
		9DC859151E4EF0D3004986C3 /* Frameworks */ = {
			isa = PBXFrameworksBuildPhase;
			buildActionMask = 2147483647;
			files = (
			);
			runOnlyForDeploymentPostprocessing = 0;
		};
/* End PBXFrameworksBuildPhase section */

/* Begin PBXGroup section */
		9DC8590F1E4EF0D3004986C3 = {
			isa = PBXGroup;
			children = (
				9DC8591A1E4EF0D3004986C3 /* CollectionView */,
				9DC859191E4EF0D3004986C3 /* Products */,
			);
			sourceTree = "<group>";
		};
		9DC859191E4EF0D3004986C3 /* Products */ = {
			isa = PBXGroup;
			children = (
				9DC859181E4EF0D3004986C3 /* CollectionView.app */,
			);
			name = Products;
			sourceTree = "<group>";
		};
		9DC8591A1E4EF0D3004986C3 /* CollectionView */ = {
			isa = PBXGroup;
			children = (
				9DC8591B1E4EF0D3004986C3 /* AppDelegate.swift */,
				9DC8591D1E4EF0D3004986C3 /* ViewController.swift */,
				9DC8591F1E4EF0D3004986C3 /* Main.storyboard */,
				9D17B3CC1E51758000609312 /* PaperTable.swift */,
				9DC8592D1E4EF134004986C3 /* MyCollectionViewCell.swift */,
				9DC859221E4EF0D4004986C3 /* Assets.xcassets */,
				9DC859241E4EF0D4004986C3 /* LaunchScreen.storyboard */,
				9DC859271E4EF0D4004986C3 /* Info.plist */,
			);
			path = CollectionView;
			sourceTree = "<group>";
		};
/* End PBXGroup section */

/* Begin PBXNativeTarget section */
		9DC859171E4EF0D3004986C3 /* CollectionView */ = {
			isa = PBXNativeTarget;
			buildConfigurationList = 9DC8592A1E4EF0D4004986C3 /* Build configuration list for PBXNativeTarget "CollectionView" */;
			buildPhases = (
				9DC859141E4EF0D3004986C3 /* Sources */,
				9DC859151E4EF0D3004986C3 /* Frameworks */,
				9DC859161E4EF0D3004986C3 /* Resources */,
			);
			buildRules = (
			);
			dependencies = (
			);
			name = CollectionView;
			productName = CollectionView;
			productReference = 9DC859181E4EF0D3004986C3 /* CollectionView.app */;
			productType = "com.apple.product-type.application";
		};
/* End PBXNativeTarget section */

/* Begin PBXProject section */
		9DC859101E4EF0D3004986C3 /* Project object */ = {
			isa = PBXProject;
			attributes = {
				LastSwiftUpdateCheck = 0800;
				LastUpgradeCheck = 0800;
				ORGANIZATIONNAME = cscoi007;
				TargetAttributes = {
					9DC859171E4EF0D3004986C3 = {
						CreatedOnToolsVersion = 8.0;
						ProvisioningStyle = Automatic;
					};
				};
			};
			buildConfigurationList = 9DC859131E4EF0D3004986C3 /* Build configuration list for PBXProject "CollectionView" */;
			compatibilityVersion = "Xcode 3.2";
			developmentRegion = English;
			hasScannedForEncodings = 0;
			knownRegions = (
				en,
				Base,
			);
			mainGroup = 9DC8590F1E4EF0D3004986C3;
			productRefGroup = 9DC859191E4EF0D3004986C3 /* Products */;
			projectDirPath = "";
			projectRoot = "";
			targets = (
				9DC859171E4EF0D3004986C3 /* CollectionView */,
			);
		};
/* End PBXProject section */

/* Begin PBXResourcesBuildPhase section */
		9DC859161E4EF0D3004986C3 /* Resources */ = {
			isa = PBXResourcesBuildPhase;
			buildActionMask = 2147483647;
			files = (
				9DC859261E4EF0D4004986C3 /* LaunchScreen.storyboard in Resources */,
				9DC859231E4EF0D4004986C3 /* Assets.xcassets in Resources */,
				9DC859211E4EF0D3004986C3 /* Main.storyboard in Resources */,
			);
			runOnlyForDeploymentPostprocessing = 0;
		};
/* End PBXResourcesBuildPhase section */

/* Begin PBXSourcesBuildPhase section */
		9DC859141E4EF0D3004986C3 /* Sources */ = {
			isa = PBXSourcesBuildPhase;
			buildActionMask = 2147483647;
			files = (
				9DC8591E1E4EF0D3004986C3 /* ViewController.swift in Sources */,
				9DC8591C1E4EF0D3004986C3 /* AppDelegate.swift in Sources */,
				9DC8592E1E4EF134004986C3 /* MyCollectionViewCell.swift in Sources */,
				9D17B3CD1E51758000609312 /* PaperTable.swift in Sources */,
			);
			runOnlyForDeploymentPostprocessing = 0;
		};
/* End PBXSourcesBuildPhase section */

/* Begin PBXVariantGroup section */
		9DC8591F1E4EF0D3004986C3 /* Main.storyboard */ = {
			isa = PBXVariantGroup;
			children = (
				9DC859201E4EF0D3004986C3 /* Base */,
			);
			name = Main.storyboard;
			sourceTree = "<group>";
		};
		9DC859241E4EF0D4004986C3 /* LaunchScreen.storyboard */ = {
			isa = PBXVariantGroup;
			children = (
				9DC859251E4EF0D4004986C3 /* Base */,
			);
			name = LaunchScreen.storyboard;
			sourceTree = "<group>";
		};
/* End PBXVariantGroup section */

/* Begin XCBuildConfiguration section */
		9DC859281E4EF0D4004986C3 /* Debug */ = {
			isa = XCBuildConfiguration;
			buildSettings = {
				ALWAYS_SEARCH_USER_PATHS = NO;
				CLANG_ANALYZER_NONNULL = YES;
				CLANG_CXX_LANGUAGE_STANDARD = "gnu++0x";
				CLANG_CXX_LIBRARY = "libc++";
				CLANG_ENABLE_MODULES = YES;
				CLANG_ENABLE_OBJC_ARC = YES;
				CLANG_WARN_BOOL_CONVERSION = YES;
				CLANG_WARN_CONSTANT_CONVERSION = YES;
				CLANG_WARN_DIRECT_OBJC_ISA_USAGE = YES_ERROR;
				CLANG_WARN_DOCUMENTATION_COMMENTS = YES;
				CLANG_WARN_EMPTY_BODY = YES;
				CLANG_WARN_ENUM_CONVERSION = YES;
				CLANG_WARN_INFINITE_RECURSION = YES;
				CLANG_WARN_INT_CONVERSION = YES;
				CLANG_WARN_OBJC_ROOT_CLASS = YES_ERROR;
				CLANG_WARN_SUSPICIOUS_MOVES = YES;
				CLANG_WARN_UNREACHABLE_CODE = YES;
				CLANG_WARN__DUPLICATE_METHOD_MATCH = YES;
				"CODE_SIGN_IDENTITY[sdk=iphoneos*]" = "iPhone Developer";
				COPY_PHASE_STRIP = NO;
				DEBUG_INFORMATION_FORMAT = dwarf;
				ENABLE_STRICT_OBJC_MSGSEND = YES;
				ENABLE_TESTABILITY = YES;
				GCC_C_LANGUAGE_STANDARD = gnu99;
				GCC_DYNAMIC_NO_PIC = NO;
				GCC_NO_COMMON_BLOCKS = YES;
				GCC_OPTIMIZATION_LEVEL = 0;
				GCC_PREPROCESSOR_DEFINITIONS = (
					"DEBUG=1",
					"$(inherited)",
				);
				GCC_WARN_64_TO_32_BIT_CONVERSION = YES;
				GCC_WARN_ABOUT_RETURN_TYPE = YES_ERROR;
				GCC_WARN_UNDECLARED_SELECTOR = YES;
				GCC_WARN_UNINITIALIZED_AUTOS = YES_AGGRESSIVE;
				GCC_WARN_UNUSED_FUNCTION = YES;
				GCC_WARN_UNUSED_VARIABLE = YES;
				IPHONEOS_DEPLOYMENT_TARGET = 10.0;
				MTL_ENABLE_DEBUG_INFO = YES;
				ONLY_ACTIVE_ARCH = YES;
				SDKROOT = iphoneos;
				SWIFT_ACTIVE_COMPILATION_CONDITIONS = DEBUG;
				SWIFT_OPTIMIZATION_LEVEL = "-Onone";
			};
			name = Debug;
		};
		9DC859291E4EF0D4004986C3 /* Release */ = {
			isa = XCBuildConfiguration;
			buildSettings = {
				ALWAYS_SEARCH_USER_PATHS = NO;
				CLANG_ANALYZER_NONNULL = YES;
				CLANG_CXX_LANGUAGE_STANDARD = "gnu++0x";
				CLANG_CXX_LIBRARY = "libc++";
				CLANG_ENABLE_MODULES = YES;
				CLANG_ENABLE_OBJC_ARC = YES;
				CLANG_WARN_BOOL_CONVERSION = YES;
				CLANG_WARN_CONSTANT_CONVERSION = YES;
				CLANG_WARN_DIRECT_OBJC_ISA_USAGE = YES_ERROR;
				CLANG_WARN_DOCUMENTATION_COMMENTS = YES;
				CLANG_WARN_EMPTY_BODY = YES;
				CLANG_WARN_ENUM_CONVERSION = YES;
				CLANG_WARN_INFINITE_RECURSION = YES;
				CLANG_WARN_INT_CONVERSION = YES;
				CLANG_WARN_OBJC_ROOT_CLASS = YES_ERROR;
				CLANG_WARN_SUSPICIOUS_MOVES = YES;
				CLANG_WARN_UNREACHABLE_CODE = YES;
				CLANG_WARN__DUPLICATE_METHOD_MATCH = YES;
				"CODE_SIGN_IDENTITY[sdk=iphoneos*]" = "iPhone Developer";
				COPY_PHASE_STRIP = NO;
				DEBUG_INFORMATION_FORMAT = "dwarf-with-dsym";
				ENABLE_NS_ASSERTIONS = NO;
				ENABLE_STRICT_OBJC_MSGSEND = YES;
				GCC_C_LANGUAGE_STANDARD = gnu99;
				GCC_NO_COMMON_BLOCKS = YES;
				GCC_WARN_64_TO_32_BIT_CONVERSION = YES;
				GCC_WARN_ABOUT_RETURN_TYPE = YES_ERROR;
				GCC_WARN_UNDECLARED_SELECTOR = YES;
				GCC_WARN_UNINITIALIZED_AUTOS = YES_AGGRESSIVE;
				GCC_WARN_UNUSED_FUNCTION = YES;
				GCC_WARN_UNUSED_VARIABLE = YES;
				IPHONEOS_DEPLOYMENT_TARGET = 10.0;
				MTL_ENABLE_DEBUG_INFO = NO;
				SDKROOT = iphoneos;
				SWIFT_OPTIMIZATION_LEVEL = "-Owholemodule";
				VALIDATE_PRODUCT = YES;
			};
			name = Release;
		};
		9DC8592B1E4EF0D4004986C3 /* Debug */ = {
			isa = XCBuildConfiguration;
			buildSettings = {
				ASSETCATALOG_COMPILER_APPICON_NAME = AppIcon;
				INFOPLIST_FILE = CollectionView/Info.plist;
				LD_RUNPATH_SEARCH_PATHS = "$(inherited) @executable_path/Frameworks";
				PRODUCT_BUNDLE_IDENTIFIER = TempLine.CollectionView;
				PRODUCT_NAME = "$(TARGET_NAME)";
				SWIFT_VERSION = 3.0;
			};
			name = Debug;
		};
		9DC8592C1E4EF0D4004986C3 /* Release */ = {
			isa = XCBuildConfiguration;
			buildSettings = {
				ASSETCATALOG_COMPILER_APPICON_NAME = AppIcon;
				INFOPLIST_FILE = CollectionView/Info.plist;
				LD_RUNPATH_SEARCH_PATHS = "$(inherited) @executable_path/Frameworks";
				PRODUCT_BUNDLE_IDENTIFIER = TempLine.CollectionView;
				PRODUCT_NAME = "$(TARGET_NAME)";
				SWIFT_VERSION = 3.0;
			};
			name = Release;
		};
/* End XCBuildConfiguration section */

/* Begin XCConfigurationList section */
		9DC859131E4EF0D3004986C3 /* Build configuration list for PBXProject "CollectionView" */ = {
			isa = XCConfigurationList;
			buildConfigurations = (
				9DC859281E4EF0D4004986C3 /* Debug */,
				9DC859291E4EF0D4004986C3 /* Release */,
			);
			defaultConfigurationIsVisible = 0;
			defaultConfigurationName = Release;
		};
		9DC8592A1E4EF0D4004986C3 /* Build configuration list for PBXNativeTarget "CollectionView" */ = {
			isa = XCConfigurationList;
			buildConfigurations = (
				9DC8592B1E4EF0D4004986C3 /* Debug */,
				9DC8592C1E4EF0D4004986C3 /* Release */,
			);
			defaultConfigurationIsVisible = 0;
			defaultConfigurationName = Release;
		};
/* End XCConfigurationList section */
	};
	rootObject = 9DC859101E4EF0D3004986C3 /* Project object */;
}
